
Microsoft Visual Studio Solution File, Format Version 12.00
# Visual Studio Version 17
VisualStudioVersion = 17.6.33829.357
MinimumVisualStudioVersion = 10.0.40219.1
Project("{FAE04EC0-301F-11D3-BF4B-00C04F79EFBC}") = "GrzBeamProfiler", "GrzBeamProfiler.csproj", "{779A59F0-BF3B-4AE5-B323-97D37CD67233}"
	ProjectSection(ProjectDependencies) = postProject
		{26CD2CE7-FF63-4669-83B0-7D9C8F3408EE} = {26CD2CE7-FF63-4669-83B0-7D9C8F3408EE}
	EndProjectSection
EndProject
Project("{FAE04EC0-301F-11D3-BF4B-00C04F79EFBC}") = "Video.DirectShow", "Video.DirectShow\Video.DirectShow.csproj", "{26CD2CE7-FF63-4669-83B0-7D9C8F3408EE}"
EndProject
Global
	GlobalSection(SolutionConfigurationPlatforms) = preSolution
		Debug|Any CPU = Debug|Any CPU
		Release|Any CPU = Release|Any CPU
	EndGlobalSection
	GlobalSection(ProjectConfigurationPlatforms) = postSolution
		{779A59F0-BF3B-4AE5-B323-97D37CD67233}.Debug|Any CPU.ActiveCfg = Debug|Any CPU
		{779A59F0-BF3B-4AE5-B323-97D37CD67233}.Debug|Any CPU.Build.0 = Debug|Any CPU
		{779A59F0-BF3B-4AE5-B323-97D37CD67233}.Release|Any CPU.ActiveCfg = Release|Any CPU
		{779A59F0-BF3B-4AE5-B323-97D37CD67233}.Release|Any CPU.Build.0 = Release|Any CPU
		{26CD2CE7-FF63-4669-83B0-7D9C8F3408EE}.Debug|Any CPU.ActiveCfg = Debug|Any CPU
		{26CD2CE7-FF63-4669-83B0-7D9C8F3408EE}.Debug|Any CPU.Build.0 = Debug|Any CPU
		{26CD2CE7-FF63-4669-83B0-7D9C8F3408EE}.Release|Any CPU.ActiveCfg = Release|Any CPU
		{26CD2CE7-FF63-4669-83B0-7D9C8F3408EE}.Release|Any CPU.Build.0 = Release|Any CPU
	EndGlobalSection
	GlobalSection(SolutionProperties) = preSolution
		HideSolutionNode = FALSE
	EndGlobalSection
	GlobalSection(ExtensibilityGlobals) = postSolution
		SolutionGuid = {C3E1FD65-8844-4686-BB73-88DF604B6A21}
	EndGlobalSection
EndGlobal
